<?xml version="1.0" encoding="utf-8"?>
<Project ToolsVersion="4.0" xmlns="http://schemas.microsoft.com/developer/msbuild/2003">
  <ItemGroup>
    <Filter Include="源文件">
      <UniqueIdentifier>{4FC737F1-C7A5-4376-A066-2A32D752A2FF}</UniqueIdentifier>
      <Extensions>cpp;c;cc;cxx;c++;cppm;ixx;def;odl;idl;hpj;bat;asm;asmx</Extensions>
    </Filter>
    <Filter Include="头文件">
      <UniqueIdentifier>{93995380-89BD-4b04-88EB-625FBE52EBFB}</UniqueIdentifier>
      <Extensions>h;hh;hpp;hxx;h++;hm;inl;inc;ipp;xsd</Extensions>
    </Filter>
    <Filter Include="资源文件">
      <UniqueIdentifier>{67DA6AB6-F800-4c08-8B7A-83BB121AAD01}</UniqueIdentifier>
      <Extensions>rc;ico;cur;bmp;dlg;rc2;rct;bin;rgs;gif;jpg;jpeg;jpe;resx;tiff;tif;png;wav;mfcribbon-ms</Extensions>
    </Filter>
    <Filter Include="剑指offer">
      <UniqueIdentifier>{5ecbe62d-1dda-49a7-9fbf-c92da93ab11f}</UniqueIdentifier>
    </Filter>
    <Filter Include="动态规划">
      <UniqueIdentifier>{0bc76eb1-af67-49d8-b643-a3b96c2dd041}</UniqueIdentifier>
    </Filter>
    <Filter Include="排序算法">
      <UniqueIdentifier>{ef5dbc09-f9ed-4a2d-9582-1410137e9161}</UniqueIdentifier>
    </Filter>
  </ItemGroup>
  <ItemGroup>
    <ClInclude Include="leetcode.h">
      <Filter>头文件</Filter>
    </ClInclude>
  </ItemGroup>
  <ItemGroup>
    <ClCompile Include="main.cpp">
      <Filter>源文件</Filter>
    </ClCompile>
    <ClCompile Include="剑指offer\20滑动窗口的最大值.cpp">
      <Filter>剑指offer</Filter>
    </ClCompile>
    <ClCompile Include="剑指offer\21旋转数组的最小数字.cpp">
      <Filter>剑指offer</Filter>
    </ClCompile>
    <ClCompile Include="剑指offer\22斐波那契数列.cpp">
      <Filter>剑指offer</Filter>
    </ClCompile>
    <ClCompile Include="剑指offer\23跳台阶.cpp">
      <Filter>剑指offer</Filter>
    </ClCompile>
    <ClCompile Include="剑指offer\24变态跳台阶.cpp">
      <Filter>剑指offer</Filter>
    </ClCompile>
    <ClCompile Include="剑指offer\25矩形覆盖.cpp">
      <Filter>剑指offer</Filter>
    </ClCompile>
    <ClCompile Include="剑指offer\26二进制中1的个数.cpp">
      <Filter>剑指offer</Filter>
    </ClCompile>
    <ClCompile Include="剑指offer\27数值的整数次方.cpp">
      <Filter>剑指offer</Filter>
    </ClCompile>
    <ClCompile Include="剑指offer\28调整数组顺序使奇数位于偶数之前.cpp">
      <Filter>剑指offer</Filter>
    </ClCompile>
    <ClCompile Include="剑指offer\29查找单链表倒数第k个位置上的结点.cpp">
      <Filter>剑指offer</Filter>
    </ClCompile>
    <ClCompile Include="剑指offer\30反转链表.cpp">
      <Filter>剑指offer</Filter>
    </ClCompile>
    <ClCompile Include="剑指offer\31合并两个排序的链表.cpp">
      <Filter>剑指offer</Filter>
    </ClCompile>
    <ClCompile Include="剑指offer\32树的子结构.cpp">
      <Filter>剑指offer</Filter>
    </ClCompile>
    <ClCompile Include="剑指offer\33二叉树的镜像.cpp">
      <Filter>剑指offer</Filter>
    </ClCompile>
    <ClCompile Include="剑指offer\34顺时针打印矩阵.cpp">
      <Filter>剑指offer</Filter>
    </ClCompile>
    <ClCompile Include="剑指offer\35包含min函数的栈.cpp">
      <Filter>剑指offer</Filter>
    </ClCompile>
    <ClCompile Include="剑指offer\36栈的压入和弹出序列.cpp">
      <Filter>剑指offer</Filter>
    </ClCompile>
    <ClCompile Include="剑指offer\37从上到下打印二叉树.cpp">
      <Filter>剑指offer</Filter>
    </ClCompile>
    <ClCompile Include="剑指offer\38二叉搜索树的后序遍历序列.cpp">
      <Filter>剑指offer</Filter>
    </ClCompile>
    <ClCompile Include="剑指offer\39二叉树中和为某一值的路径.cpp">
      <Filter>剑指offer</Filter>
    </ClCompile>
    <ClCompile Include="剑指offer\40复杂链表的复制.cpp">
      <Filter>剑指offer</Filter>
    </ClCompile>
    <ClCompile Include="剑指offer\41二叉搜索树与双向链表.cpp">
      <Filter>剑指offer</Filter>
    </ClCompile>
    <ClCompile Include="剑指offer\42字符串的排列.cpp">
      <Filter>剑指offer</Filter>
    </ClCompile>
    <ClCompile Include="剑指offer\43数组中出现次数超过一半的数字.cpp">
      <Filter>剑指offer</Filter>
    </ClCompile>
    <ClCompile Include="剑指offer\44最小的k个数.cpp">
      <Filter>剑指offer</Filter>
    </ClCompile>
    <ClCompile Include="剑指offer\45连续子数组的最大和.cpp">
      <Filter>剑指offer</Filter>
    </ClCompile>
    <ClCompile Include="剑指offer\46整数中出现1的次数.cpp">
      <Filter>剑指offer</Filter>
    </ClCompile>
    <ClCompile Include="剑指offer\47把数组排成最小的数.cpp">
      <Filter>剑指offer</Filter>
    </ClCompile>
    <ClCompile Include="剑指offer\48丑数.cpp">
      <Filter>剑指offer</Filter>
    </ClCompile>
    <ClCompile Include="剑指offer\49第一个只出现一次的字符的位置.cpp">
      <Filter>剑指offer</Filter>
    </ClCompile>
    <ClCompile Include="剑指offer\50数组中的逆序对.cpp">
      <Filter>剑指offer</Filter>
    </ClCompile>
    <ClCompile Include="剑指offer\51两个链表中第一个公共结点.cpp">
      <Filter>剑指offer</Filter>
    </ClCompile>
    <ClCompile Include="剑指offer\52数字在排序数组中出现的次数.cpp">
      <Filter>剑指offer</Filter>
    </ClCompile>
    <ClCompile Include="剑指offer\53二叉树的深度.cpp">
      <Filter>剑指offer</Filter>
    </ClCompile>
    <ClCompile Include="剑指offer\54平衡二叉树.cpp">
      <Filter>剑指offer</Filter>
    </ClCompile>
    <ClCompile Include="剑指offer\55数组中只出现一次的数字.cpp">
      <Filter>剑指offer</Filter>
    </ClCompile>
    <ClCompile Include="剑指offer\56和为S的连续整数序列.cpp">
      <Filter>剑指offer</Filter>
    </ClCompile>
    <ClCompile Include="剑指offer\57和为S的两个数字.cpp">
      <Filter>剑指offer</Filter>
    </ClCompile>
    <ClCompile Include="剑指offer\58左旋转字符串.cpp">
      <Filter>剑指offer</Filter>
    </ClCompile>
    <ClCompile Include="剑指offer\59翻转单词顺序列.cpp">
      <Filter>剑指offer</Filter>
    </ClCompile>
    <ClCompile Include="剑指offer\60扑克牌顺子.cpp">
      <Filter>剑指offer</Filter>
    </ClCompile>
    <ClCompile Include="剑指offer\61孩子们的游戏最后剩下的人.cpp">
      <Filter>剑指offer</Filter>
    </ClCompile>
    <ClCompile Include="剑指offer\62求1到n的和.cpp">
      <Filter>剑指offer</Filter>
    </ClCompile>
    <ClCompile Include="剑指offer\63不用加减乘除加法.cpp">
      <Filter>剑指offer</Filter>
    </ClCompile>
    <ClCompile Include="动态规划.cpp">
      <Filter>动态规划</Filter>
    </ClCompile>
    <ClCompile Include="排序算法.cpp">
      <Filter>排序算法</Filter>
    </ClCompile>
  </ItemGroup>
  <ItemGroup>
    <Text Include="记录说明.txt">
      <Filter>头文件</Filter>
    </Text>
  </ItemGroup>
  <ItemGroup>
    <None Include="剑指offer\kmeans.py">
      <Filter>剑指offer</Filter>
    </None>
    <None Include="剑指offer\总结.docx">
      <Filter>剑指offer</Filter>
    </None>
  </ItemGroup>
</Project>